
Microsoft Visual Studio Solution File, Format Version 12.00
# Visual Studio Version 17
VisualStudioVersion = 17.7.34018.315
MinimumVisualStudioVersion = 10.0.40219.1
Project("{FAE04EC0-301F-11D3-BF4B-00C04F79EFBC}") = "SMB", "SMB\SMB.csproj", "{996A9CCF-A49C-47E0-802D-1AD9D57E6EC0}"
EndProject
Global
	GlobalSection(SolutionConfigurationPlatforms) = preSolution
		Debug|Any CPU = Debug|Any CPU
		Release|Any CPU = Release|Any CPU
	EndGlobalSection
	GlobalSection(ProjectConfigurationPlatforms) = postSolution
		{996A9CCF-A49C-47E0-802D-1AD9D57E6EC0}.Debug|Any CPU.ActiveCfg = Debug|Any CPU
		{996A9CCF-A49C-47E0-802D-1AD9D57E6EC0}.Debug|Any CPU.Build.0 = Debug|Any CPU
		{996A9CCF-A49C-47E0-802D-1AD9D57E6EC0}.Release|Any CPU.ActiveCfg = Release|Any CPU
		{996A9CCF-A49C-47E0-802D-1AD9D57E6EC0}.Release|Any CPU.Build.0 = Release|Any CPU
	EndGlobalSection
	GlobalSection(SolutionProperties) = preSolution
		HideSolutionNode = FALSE
	EndGlobalSection
	GlobalSection(ExtensibilityGlobals) = postSolution
		SolutionGuid = {DE0FC07C-CADF-4B16-9A1C-7CC75887EB51}
	EndGlobalSection
EndGlobal
